
Microsoft Visual Studio Solution File, Format Version 12.00
# Visual Studio Version 17
VisualStudioVersion = 17.8.34511.84
MinimumVisualStudioVersion = 10.0.40219.1
Project("{FAE04EC0-301F-11D3-BF4B-00C04F79EFBC}") = "14", "14\14.csproj", "{C0935D56-3057-4F29-A0B5-FEDB108C88AE}"
EndProject
Global
	GlobalSection(SolutionConfigurationPlatforms) = preSolution
		Debug|Any CPU = Debug|Any CPU
		Release|Any CPU = Release|Any CPU
	EndGlobalSection
	GlobalSection(ProjectConfigurationPlatforms) = postSolution
		{C0935D56-3057-4F29-A0B5-FEDB108C88AE}.Debug|Any CPU.ActiveCfg = Debug|Any CPU
		{C0935D56-3057-4F29-A0B5-FEDB108C88AE}.Debug|Any CPU.Build.0 = Debug|Any CPU
		{C0935D56-3057-4F29-A0B5-FEDB108C88AE}.Release|Any CPU.ActiveCfg = Release|Any CPU
		{C0935D56-3057-4F29-A0B5-FEDB108C88AE}.Release|Any CPU.Build.0 = Release|Any CPU
	EndGlobalSection
	GlobalSection(SolutionProperties) = preSolution
		HideSolutionNode = FALSE
	EndGlobalSection
	GlobalSection(ExtensibilityGlobals) = postSolution
		SolutionGuid = {FCE04050-05F6-4F69-8350-37318B6F6123}
	EndGlobalSection
EndGlobal
